
Microsoft Visual Studio Solution File, Format Version 12.00
# Visual Studio Version 17
VisualStudioVersion = 17.0.31521.260
MinimumVisualStudioVersion = 10.0.40219.1
Project("{2150E333-8FDC-42A3-9474-1A3956D46DE8}") = "dapr", "dapr", "{E011B243-0389-468B-B903-83445BED69A4}"
EndProject
Project("{2150E333-8FDC-42A3-9474-1A3956D46DE8}") = "components", "components", "{FBFB499A-7022-4417-881B-68F63DBDB7F4}"
	ProjectSection(SolutionItems) = preProject
		dapr\components\pubsub.yaml = dapr\components\pubsub.yaml
		dapr\components\statestore.yaml = dapr\components\statestore.yaml
	EndProjectSection
EndProject
Project("{2150E333-8FDC-42A3-9474-1A3956D46DE8}") = "solution items", "solution items", "{C64F965A-C695-416C-95F2-F9DEC98EF414}"
	ProjectSection(SolutionItems) = preProject
		Directory.Build.props = Directory.Build.props
	EndProjectSection
EndProject
Project("{9A19103F-16F7-4668-BE54-9A1E7A4F7556}") = "Masa.Admin.Application", "Masa.Admin.Application\Masa.Admin.Application.csproj", "{7EB8B61D-7C6C-48BC-AEA1-4545C1C51E15}"
EndProject
Project("{9A19103F-16F7-4668-BE54-9A1E7A4F7556}") = "Masa.Admin.Domain", "Masa.Admin.Domain\Masa.Admin.Domain.csproj", "{70327543-E387-4456-B9CC-DFE04FC9CA21}"
EndProject
Project("{9A19103F-16F7-4668-BE54-9A1E7A4F7556}") = "Masa.Admin.Endpoints", "Masa.Admin.Endpoints\Masa.Admin.Endpoints.csproj", "{030595B2-F554-4D74-B6E4-0DCC541E0160}"
EndProject
Project("{9A19103F-16F7-4668-BE54-9A1E7A4F7556}") = "Masa.Admin.WebApi", "Masa.Admin.WebApi\Masa.Admin.WebApi.csproj", "{BCC82465-6758-44BC-8B3B-2F11A8DBC045}"
EndProject
Global
	GlobalSection(SolutionConfigurationPlatforms) = preSolution
		Debug|Any CPU = Debug|Any CPU
		Debug|x86 = Debug|x86
		Release|Any CPU = Release|Any CPU
		Release|x86 = Release|x86
	EndGlobalSection
	GlobalSection(ProjectConfigurationPlatforms) = postSolution
		{7EB8B61D-7C6C-48BC-AEA1-4545C1C51E15}.Debug|Any CPU.ActiveCfg = Debug|Any CPU
		{7EB8B61D-7C6C-48BC-AEA1-4545C1C51E15}.Debug|Any CPU.Build.0 = Debug|Any CPU
		{7EB8B61D-7C6C-48BC-AEA1-4545C1C51E15}.Debug|x86.ActiveCfg = Debug|Any CPU
		{7EB8B61D-7C6C-48BC-AEA1-4545C1C51E15}.Debug|x86.Build.0 = Debug|Any CPU
		{7EB8B61D-7C6C-48BC-AEA1-4545C1C51E15}.Release|Any CPU.ActiveCfg = Release|Any CPU
		{7EB8B61D-7C6C-48BC-AEA1-4545C1C51E15}.Release|Any CPU.Build.0 = Release|Any CPU
		{7EB8B61D-7C6C-48BC-AEA1-4545C1C51E15}.Release|x86.ActiveCfg = Release|Any CPU
		{7EB8B61D-7C6C-48BC-AEA1-4545C1C51E15}.Release|x86.Build.0 = Release|Any CPU
		{70327543-E387-4456-B9CC-DFE04FC9CA21}.Debug|Any CPU.ActiveCfg = Debug|Any CPU
		{70327543-E387-4456-B9CC-DFE04FC9CA21}.Debug|Any CPU.Build.0 = Debug|Any CPU
		{70327543-E387-4456-B9CC-DFE04FC9CA21}.Debug|x86.ActiveCfg = Debug|Any CPU
		{70327543-E387-4456-B9CC-DFE04FC9CA21}.Debug|x86.Build.0 = Debug|Any CPU
		{70327543-E387-4456-B9CC-DFE04FC9CA21}.Release|Any CPU.ActiveCfg = Release|Any CPU
		{70327543-E387-4456-B9CC-DFE04FC9CA21}.Release|Any CPU.Build.0 = Release|Any CPU
		{70327543-E387-4456-B9CC-DFE04FC9CA21}.Release|x86.ActiveCfg = Release|Any CPU
		{70327543-E387-4456-B9CC-DFE04FC9CA21}.Release|x86.Build.0 = Release|Any CPU
		{030595B2-F554-4D74-B6E4-0DCC541E0160}.Debug|Any CPU.ActiveCfg = Debug|Any CPU
		{030595B2-F554-4D74-B6E4-0DCC541E0160}.Debug|Any CPU.Build.0 = Debug|Any CPU
		{030595B2-F554-4D74-B6E4-0DCC541E0160}.Debug|x86.ActiveCfg = Debug|Any CPU
		{030595B2-F554-4D74-B6E4-0DCC541E0160}.Debug|x86.Build.0 = Debug|Any CPU
		{030595B2-F554-4D74-B6E4-0DCC541E0160}.Release|Any CPU.ActiveCfg = Release|Any CPU
		{030595B2-F554-4D74-B6E4-0DCC541E0160}.Release|Any CPU.Build.0 = Release|Any CPU
		{030595B2-F554-4D74-B6E4-0DCC541E0160}.Release|x86.ActiveCfg = Release|Any CPU
		{030595B2-F554-4D74-B6E4-0DCC541E0160}.Release|x86.Build.0 = Release|Any CPU
		{BCC82465-6758-44BC-8B3B-2F11A8DBC045}.Debug|Any CPU.ActiveCfg = Debug|Any CPU
		{BCC82465-6758-44BC-8B3B-2F11A8DBC045}.Debug|Any CPU.Build.0 = Debug|Any CPU
		{BCC82465-6758-44BC-8B3B-2F11A8DBC045}.Debug|x86.ActiveCfg = Debug|Any CPU
		{BCC82465-6758-44BC-8B3B-2F11A8DBC045}.Debug|x86.Build.0 = Debug|Any CPU
		{BCC82465-6758-44BC-8B3B-2F11A8DBC045}.Release|Any CPU.ActiveCfg = Release|Any CPU
		{BCC82465-6758-44BC-8B3B-2F11A8DBC045}.Release|Any CPU.Build.0 = Release|Any CPU
		{BCC82465-6758-44BC-8B3B-2F11A8DBC045}.Release|x86.ActiveCfg = Release|Any CPU
		{BCC82465-6758-44BC-8B3B-2F11A8DBC045}.Release|x86.Build.0 = Release|Any CPU
	EndGlobalSection
	GlobalSection(SolutionProperties) = preSolution
		HideSolutionNode = FALSE
	EndGlobalSection
	GlobalSection(NestedProjects) = preSolution
		{FBFB499A-7022-4417-881B-68F63DBDB7F4} = {E011B243-0389-468B-B903-83445BED69A4}
	EndGlobalSection
	GlobalSection(ExtensibilityGlobals) = postSolution
		SolutionGuid = {B83BA2BA-19E5-41FB-A92A-16A03DA229E4}
	EndGlobalSection
EndGlobal
